// !$*UTF8*$!
{
	archiveVersion = 1;
	classes = {
	};
	objectVersion = 51;
	objects = {

/* Begin PBXBuildFile section */
		05D9BA7C27FEAC03B8533F87 /* Pods_CarDemoTests.framework in Frameworks */ = {isa = PBXBuildFile; fileRef = AB44E46A12ACB10F721FF68A /* Pods_CarDemoTests.framework */; };
		A07F9FC82892F23E000C3100 /* AppDelegate.swift in Sources */ = {isa = PBXBuildFile; fileRef = A07F9FC72892F23E000C3100 /* AppDelegate.swift */; };
		A07F9FCA2892F23E000C3100 /* SceneDelegate.swift in Sources */ = {isa = PBXBuildFile; fileRef = A07F9FC92892F23E000C3100 /* SceneDelegate.swift */; };
		A07F9FCF2892F23E000C3100 /* Main.storyboard in Resources */ = {isa = PBXBuildFile; fileRef = A07F9FCD2892F23E000C3100 /* Main.storyboard */; };
		A07F9FD12892F23F000C3100 /* Assets.xcassets in Resources */ = {isa = PBXBuildFile; fileRef = A07F9FD02892F23F000C3100 /* Assets.xcassets */; };
		A07F9FD42892F23F000C3100 /* LaunchScreen.storyboard in Resources */ = {isa = PBXBuildFile; fileRef = A07F9FD22892F23F000C3100 /* LaunchScreen.storyboard */; };
		A07F9FDF2892F23F000C3100 /* CarDemoTests.swift in Sources */ = {isa = PBXBuildFile; fileRef = A07F9FDE2892F23F000C3100 /* CarDemoTests.swift */; };
		A07F9FEA2892F23F000C3100 /* CarDemoUITests.swift in Sources */ = {isa = PBXBuildFile; fileRef = A07F9FE92892F23F000C3100 /* CarDemoUITests.swift */; };
		A07FA0022892F426000C3100 /* Constants.swift in Sources */ = {isa = PBXBuildFile; fileRef = A07FA0012892F426000C3100 /* Constants.swift */; };
		A07FA0042892F4CC000C3100 /* String+Localizable.swift in Sources */ = {isa = PBXBuildFile; fileRef = A07FA0032892F4CC000C3100 /* String+Localizable.swift */; };
		A07FA0072892F500000C3100 /* Localizable.strings in Resources */ = {isa = PBXBuildFile; fileRef = A07FA0092892F500000C3100 /* Localizable.strings */; };
		A07FA00C2892F728000C3100 /* MainTabbarController.swift in Sources */ = {isa = PBXBuildFile; fileRef = A07FA00B2892F728000C3100 /* MainTabbarController.swift */; };
		A07FA00E2892FA3D000C3100 /* BaseViewController.swift in Sources */ = {isa = PBXBuildFile; fileRef = A07FA00D2892FA3D000C3100 /* BaseViewController.swift */; };
		A07FA0212892FCB4000C3100 /* CarListViewController.swift in Sources */ = {isa = PBXBuildFile; fileRef = A07FA0202892FCB4000C3100 /* CarListViewController.swift */; };
		A07FA0232892FCD4000C3100 /* CarListInteractor.swift in Sources */ = {isa = PBXBuildFile; fileRef = A07FA0222892FCD4000C3100 /* CarListInteractor.swift */; };
		A07FA0252892FCE2000C3100 /* CarListPresenter.swift in Sources */ = {isa = PBXBuildFile; fileRef = A07FA0242892FCE2000C3100 /* CarListPresenter.swift */; };
		A07FA02A2892FD1C000C3100 /* CarListBuilder.swift in Sources */ = {isa = PBXBuildFile; fileRef = A07FA0292892FD1C000C3100 /* CarListBuilder.swift */; };
		A07FA02F2892FE1B000C3100 /* CustomNavigationController.swift in Sources */ = {isa = PBXBuildFile; fileRef = A07FA02E2892FE1B000C3100 /* CustomNavigationController.swift */; };
		A07FA03428939AA6000C3100 /* Identifiable.swift in Sources */ = {isa = PBXBuildFile; fileRef = A07FA03328939AA6000C3100 /* Identifiable.swift */; };
		A07FA03628939B35000C3100 /* StoryboardHelper.swift in Sources */ = {isa = PBXBuildFile; fileRef = A07FA03528939B35000C3100 /* StoryboardHelper.swift */; };
		A07FA03B2893A262000C3100 /* MapViewController.swift in Sources */ = {isa = PBXBuildFile; fileRef = A07FA03A2893A262000C3100 /* MapViewController.swift */; };
		A07FA0402893C97D000C3100 /* CarResponseModel.swift in Sources */ = {isa = PBXBuildFile; fileRef = A07FA03F2893C97D000C3100 /* CarResponseModel.swift */; };
		A07FA0422893D24B000C3100 /* APIEnvironment.swift in Sources */ = {isa = PBXBuildFile; fileRef = A07FA0412893D24B000C3100 /* APIEnvironment.swift */; };
		A07FA0442893D43B000C3100 /* APIPath.swift in Sources */ = {isa = PBXBuildFile; fileRef = A07FA0432893D43B000C3100 /* APIPath.swift */; };
		A07FA0462893D549000C3100 /* APIHandler.swift in Sources */ = {isa = PBXBuildFile; fileRef = A07FA0452893D549000C3100 /* APIHandler.swift */; };
		A07FA0482893D656000C3100 /* RequestHandler+Extension.swift in Sources */ = {isa = PBXBuildFile; fileRef = A07FA0472893D656000C3100 /* RequestHandler+Extension.swift */; };
		A07FA04A2893D6C0000C3100 /* ResponseHandler+Extension.swift in Sources */ = {isa = PBXBuildFile; fileRef = A07FA0492893D6BF000C3100 /* ResponseHandler+Extension.swift */; };
		A07FA04C2893D703000C3100 /* APILoader.swift in Sources */ = {isa = PBXBuildFile; fileRef = A07FA04B2893D703000C3100 /* APILoader.swift */; };
		A07FA04E2893E84C000C3100 /* MapInteractor.swift in Sources */ = {isa = PBXBuildFile; fileRef = A07FA04D2893E84C000C3100 /* MapInteractor.swift */; };
		A07FA0512893EAA7000C3100 /* CarService.swift in Sources */ = {isa = PBXBuildFile; fileRef = A07FA0502893EAA7000C3100 /* CarService.swift */; };
		A07FA0532893EE6D000C3100 /* MapPresenter.swift in Sources */ = {isa = PBXBuildFile; fileRef = A07FA0522893EE6D000C3100 /* MapPresenter.swift */; };
		A07FA05C2894154C000C3100 /* CarListCell.swift in Sources */ = {isa = PBXBuildFile; fileRef = A07FA05B2894154C000C3100 /* CarListCell.swift */; };
		A07FA05E28941560000C3100 /* CarListCell.xib in Resources */ = {isa = PBXBuildFile; fileRef = A07FA05D28941560000C3100 /* CarListCell.xib */; };
		A07FA060289418B4000C3100 /* CarListCellViewModel.swift in Sources */ = {isa = PBXBuildFile; fileRef = A07FA05F289418B4000C3100 /* CarListCellViewModel.swift */; };
		A07FA06328941AF2000C3100 /* MapViewModel.swift in Sources */ = {isa = PBXBuildFile; fileRef = A07FA06228941AF2000C3100 /* MapViewModel.swift */; };
		A0B41BCD2895197F00E6CE39 /* DataManager.swift in Sources */ = {isa = PBXBuildFile; fileRef = A0B41BCC2895197F00E6CE39 /* DataManager.swift */; };
		A0B41BCF28951C5D00E6CE39 /* CarTableViewConfigure.swift in Sources */ = {isa = PBXBuildFile; fileRef = A0B41BCE28951C5D00E6CE39 /* CarTableViewConfigure.swift */; };
		A0B41BD12895218A00E6CE39 /* LazyImageView.swift in Sources */ = {isa = PBXBuildFile; fileRef = A0B41BD02895218A00E6CE39 /* LazyImageView.swift */; };
		A0B41BD42895269300E6CE39 /* CarListViewModel.swift in Sources */ = {isa = PBXBuildFile; fileRef = A0B41BD32895269300E6CE39 /* CarListViewModel.swift */; };
		A0B41BD628952E9D00E6CE39 /* Uiview+Main.swift in Sources */ = {isa = PBXBuildFile; fileRef = A0B41BD528952E9D00E6CE39 /* Uiview+Main.swift */; };
		A0B41BDA2895A56200E6CE39 /* EmptyStateViewModel.swift in Sources */ = {isa = PBXBuildFile; fileRef = A0B41BD92895A56200E6CE39 /* EmptyStateViewModel.swift */; };
		A0B41BDC2895A7DA00E6CE39 /* EmptyStateEnum.swift in Sources */ = {isa = PBXBuildFile; fileRef = A0B41BDB2895A7DA00E6CE39 /* EmptyStateEnum.swift */; };
		D34D05B26530FA7F16006D9C /* Pods_CarDemo_CarDemoUITests.framework in Frameworks */ = {isa = PBXBuildFile; fileRef = 6031756CC7B3D2D7C1671904 /* Pods_CarDemo_CarDemoUITests.framework */; };
		E30384894B922A89685A117F /* Pods_CarDemo.framework in Frameworks */ = {isa = PBXBuildFile; fileRef = B1E265E619399FCEFE68E1A6 /* Pods_CarDemo.framework */; };
/* End PBXBuildFile section */

/* Begin PBXContainerItemProxy section */
		A07F9FDB2892F23F000C3100 /* PBXContainerItemProxy */ = {
			isa = PBXContainerItemProxy;
			containerPortal = A07F9FBC2892F23E000C3100 /* Project object */;
			proxyType = 1;
			remoteGlobalIDString = A07F9FC32892F23E000C3100;
			remoteInfo = CarDemo;
		};
		A07F9FE62892F23F000C3100 /* PBXContainerItemProxy */ = {
			isa = PBXContainerItemProxy;
			containerPortal = A07F9FBC2892F23E000C3100 /* Project object */;
			proxyType = 1;
			remoteGlobalIDString = A07F9FC32892F23E000C3100;
			remoteInfo = CarDemo;
		};
/* End PBXContainerItemProxy section */

/* Begin PBXFileReference section */
		0042C38A8A37E6909B96E047 /* Pods-CarDemo-CarDemoUITests.release.xcconfig */ = {isa = PBXFileReference; includeInIndex = 1; lastKnownFileType = text.xcconfig; name = "Pods-CarDemo-CarDemoUITests.release.xcconfig"; path = "Target Support Files/Pods-CarDemo-CarDemoUITests/Pods-CarDemo-CarDemoUITests.release.xcconfig"; sourceTree = "<group>"; };
		2078700AEB00F02457F6DC29 /* Pods-CarDemoTests.release.xcconfig */ = {isa = PBXFileReference; includeInIndex = 1; lastKnownFileType = text.xcconfig; name = "Pods-CarDemoTests.release.xcconfig"; path = "Target Support Files/Pods-CarDemoTests/Pods-CarDemoTests.release.xcconfig"; sourceTree = "<group>"; };
		2E12AA3CAE37568BCF284D34 /* Pods-CarDemoTests.debug.xcconfig */ = {isa = PBXFileReference; includeInIndex = 1; lastKnownFileType = text.xcconfig; name = "Pods-CarDemoTests.debug.xcconfig"; path = "Target Support Files/Pods-CarDemoTests/Pods-CarDemoTests.debug.xcconfig"; sourceTree = "<group>"; };
		6031756CC7B3D2D7C1671904 /* Pods_CarDemo_CarDemoUITests.framework */ = {isa = PBXFileReference; explicitFileType = wrapper.framework; includeInIndex = 0; path = Pods_CarDemo_CarDemoUITests.framework; sourceTree = BUILT_PRODUCTS_DIR; };
		A07F9FC42892F23E000C3100 /* CarDemo.app */ = {isa = PBXFileReference; explicitFileType = wrapper.application; includeInIndex = 0; path = CarDemo.app; sourceTree = BUILT_PRODUCTS_DIR; };
		A07F9FC72892F23E000C3100 /* AppDelegate.swift */ = {isa = PBXFileReference; lastKnownFileType = sourcecode.swift; path = AppDelegate.swift; sourceTree = "<group>"; };
		A07F9FC92892F23E000C3100 /* SceneDelegate.swift */ = {isa = PBXFileReference; lastKnownFileType = sourcecode.swift; path = SceneDelegate.swift; sourceTree = "<group>"; };
		A07F9FCE2892F23E000C3100 /* Base */ = {isa = PBXFileReference; lastKnownFileType = file.storyboard; name = Base; path = Base.lproj/Main.storyboard; sourceTree = "<group>"; };
		A07F9FD02892F23F000C3100 /* Assets.xcassets */ = {isa = PBXFileReference; lastKnownFileType = folder.assetcatalog; path = Assets.xcassets; sourceTree = "<group>"; };
		A07F9FD32892F23F000C3100 /* Base */ = {isa = PBXFileReference; lastKnownFileType = file.storyboard; name = Base; path = Base.lproj/LaunchScreen.storyboard; sourceTree = "<group>"; };
		A07F9FD52892F23F000C3100 /* Info.plist */ = {isa = PBXFileReference; lastKnownFileType = text.plist.xml; path = Info.plist; sourceTree = "<group>"; };
		A07F9FDA2892F23F000C3100 /* CarDemoTests.xctest */ = {isa = PBXFileReference; explicitFileType = wrapper.cfbundle; includeInIndex = 0; path = CarDemoTests.xctest; sourceTree = BUILT_PRODUCTS_DIR; };
		A07F9FDE2892F23F000C3100 /* CarDemoTests.swift */ = {isa = PBXFileReference; lastKnownFileType = sourcecode.swift; path = CarDemoTests.swift; sourceTree = "<group>"; };
		A07F9FE02892F23F000C3100 /* Info.plist */ = {isa = PBXFileReference; lastKnownFileType = text.plist.xml; path = Info.plist; sourceTree = "<group>"; };
		A07F9FE52892F23F000C3100 /* CarDemoUITests.xctest */ = {isa = PBXFileReference; explicitFileType = wrapper.cfbundle; includeInIndex = 0; path = CarDemoUITests.xctest; sourceTree = BUILT_PRODUCTS_DIR; };
		A07F9FE92892F23F000C3100 /* CarDemoUITests.swift */ = {isa = PBXFileReference; lastKnownFileType = sourcecode.swift; path = CarDemoUITests.swift; sourceTree = "<group>"; };
		A07F9FEB2892F23F000C3100 /* Info.plist */ = {isa = PBXFileReference; lastKnownFileType = text.plist.xml; path = Info.plist; sourceTree = "<group>"; };
		A07FA0012892F426000C3100 /* Constants.swift */ = {isa = PBXFileReference; lastKnownFileType = sourcecode.swift; path = Constants.swift; sourceTree = "<group>"; };
		A07FA0032892F4CC000C3100 /* String+Localizable.swift */ = {isa = PBXFileReference; fileEncoding = 4; lastKnownFileType = sourcecode.swift; path = "String+Localizable.swift"; sourceTree = "<group>"; };
		A07FA0082892F500000C3100 /* en */ = {isa = PBXFileReference; lastKnownFileType = text.plist.strings; name = en; path = en.lproj/Localizable.strings; sourceTree = "<group>"; };
		A07FA00B2892F728000C3100 /* MainTabbarController.swift */ = {isa = PBXFileReference; lastKnownFileType = sourcecode.swift; path = MainTabbarController.swift; sourceTree = "<group>"; };
		A07FA00D2892FA3D000C3100 /* BaseViewController.swift */ = {isa = PBXFileReference; lastKnownFileType = sourcecode.swift; path = BaseViewController.swift; sourceTree = "<group>"; };
		A07FA0202892FCB4000C3100 /* CarListViewController.swift */ = {isa = PBXFileReference; lastKnownFileType = sourcecode.swift; path = CarListViewController.swift; sourceTree = "<group>"; };
		A07FA0222892FCD4000C3100 /* CarListInteractor.swift */ = {isa = PBXFileReference; lastKnownFileType = sourcecode.swift; path = CarListInteractor.swift; sourceTree = "<group>"; };
		A07FA0242892FCE2000C3100 /* CarListPresenter.swift */ = {isa = PBXFileReference; lastKnownFileType = sourcecode.swift; path = CarListPresenter.swift; sourceTree = "<group>"; };
		A07FA0292892FD1C000C3100 /* CarListBuilder.swift */ = {isa = PBXFileReference; lastKnownFileType = sourcecode.swift; path = CarListBuilder.swift; sourceTree = "<group>"; };
		A07FA02E2892FE1B000C3100 /* CustomNavigationController.swift */ = {isa = PBXFileReference; lastKnownFileType = sourcecode.swift; path = CustomNavigationController.swift; sourceTree = "<group>"; };
		A07FA03328939AA6000C3100 /* Identifiable.swift */ = {isa = PBXFileReference; lastKnownFileType = sourcecode.swift; path = Identifiable.swift; sourceTree = "<group>"; };
		A07FA03528939B35000C3100 /* StoryboardHelper.swift */ = {isa = PBXFileReference; lastKnownFileType = sourcecode.swift; path = StoryboardHelper.swift; sourceTree = "<group>"; };
		A07FA03A2893A262000C3100 /* MapViewController.swift */ = {isa = PBXFileReference; lastKnownFileType = sourcecode.swift; path = MapViewController.swift; sourceTree = "<group>"; };
		A07FA03F2893C97D000C3100 /* CarResponseModel.swift */ = {isa = PBXFileReference; lastKnownFileType = sourcecode.swift; path = CarResponseModel.swift; sourceTree = "<group>"; };
		A07FA0412893D24B000C3100 /* APIEnvironment.swift */ = {isa = PBXFileReference; lastKnownFileType = sourcecode.swift; path = APIEnvironment.swift; sourceTree = "<group>"; };
		A07FA0432893D43B000C3100 /* APIPath.swift */ = {isa = PBXFileReference; lastKnownFileType = sourcecode.swift; path = APIPath.swift; sourceTree = "<group>"; };
		A07FA0452893D549000C3100 /* APIHandler.swift */ = {isa = PBXFileReference; lastKnownFileType = sourcecode.swift; path = APIHandler.swift; sourceTree = "<group>"; };
		A07FA0472893D656000C3100 /* RequestHandler+Extension.swift */ = {isa = PBXFileReference; lastKnownFileType = sourcecode.swift; path = "RequestHandler+Extension.swift"; sourceTree = "<group>"; };
		A07FA0492893D6BF000C3100 /* ResponseHandler+Extension.swift */ = {isa = PBXFileReference; lastKnownFileType = sourcecode.swift; path = "ResponseHandler+Extension.swift"; sourceTree = "<group>"; };
		A07FA04B2893D703000C3100 /* APILoader.swift */ = {isa = PBXFileReference; lastKnownFileType = sourcecode.swift; path = APILoader.swift; sourceTree = "<group>"; };
		A07FA04D2893E84C000C3100 /* MapInteractor.swift */ = {isa = PBXFileReference; lastKnownFileType = sourcecode.swift; path = MapInteractor.swift; sourceTree = "<group>"; };
		A07FA0502893EAA7000C3100 /* CarService.swift */ = {isa = PBXFileReference; lastKnownFileType = sourcecode.swift; path = CarService.swift; sourceTree = "<group>"; };
		A07FA0522893EE6D000C3100 /* MapPresenter.swift */ = {isa = PBXFileReference; lastKnownFileType = sourcecode.swift; path = MapPresenter.swift; sourceTree = "<group>"; };
		A07FA05B2894154C000C3100 /* CarListCell.swift */ = {isa = PBXFileReference; lastKnownFileType = sourcecode.swift; path = CarListCell.swift; sourceTree = "<group>"; };
		A07FA05D28941560000C3100 /* CarListCell.xib */ = {isa = PBXFileReference; lastKnownFileType = file.xib; path = CarListCell.xib; sourceTree = "<group>"; };
		A07FA05F289418B4000C3100 /* CarListCellViewModel.swift */ = {isa = PBXFileReference; lastKnownFileType = sourcecode.swift; path = CarListCellViewModel.swift; sourceTree = "<group>"; };
		A07FA06228941AF2000C3100 /* MapViewModel.swift */ = {isa = PBXFileReference; lastKnownFileType = sourcecode.swift; path = MapViewModel.swift; sourceTree = "<group>"; };
		A0B41BCC2895197F00E6CE39 /* DataManager.swift */ = {isa = PBXFileReference; lastKnownFileType = sourcecode.swift; path = DataManager.swift; sourceTree = "<group>"; };
		A0B41BCE28951C5D00E6CE39 /* CarTableViewConfigure.swift */ = {isa = PBXFileReference; lastKnownFileType = sourcecode.swift; path = CarTableViewConfigure.swift; sourceTree = "<group>"; };
		A0B41BD02895218A00E6CE39 /* LazyImageView.swift */ = {isa = PBXFileReference; lastKnownFileType = sourcecode.swift; path = LazyImageView.swift; sourceTree = "<group>"; };
		A0B41BD32895269300E6CE39 /* CarListViewModel.swift */ = {isa = PBXFileReference; lastKnownFileType = sourcecode.swift; path = CarListViewModel.swift; sourceTree = "<group>"; };
		A0B41BD528952E9D00E6CE39 /* Uiview+Main.swift */ = {isa = PBXFileReference; lastKnownFileType = sourcecode.swift; path = "Uiview+Main.swift"; sourceTree = "<group>"; };
		A0B41BD92895A56200E6CE39 /* EmptyStateViewModel.swift */ = {isa = PBXFileReference; lastKnownFileType = sourcecode.swift; path = EmptyStateViewModel.swift; sourceTree = "<group>"; };
		A0B41BDB2895A7DA00E6CE39 /* EmptyStateEnum.swift */ = {isa = PBXFileReference; lastKnownFileType = sourcecode.swift; path = EmptyStateEnum.swift; sourceTree = "<group>"; };
		A53E4681A30A6B04B8C05166 /* Pods-CarDemo.release.xcconfig */ = {isa = PBXFileReference; includeInIndex = 1; lastKnownFileType = text.xcconfig; name = "Pods-CarDemo.release.xcconfig"; path = "Target Support Files/Pods-CarDemo/Pods-CarDemo.release.xcconfig"; sourceTree = "<group>"; };
		AB44E46A12ACB10F721FF68A /* Pods_CarDemoTests.framework */ = {isa = PBXFileReference; explicitFileType = wrapper.framework; includeInIndex = 0; path = Pods_CarDemoTests.framework; sourceTree = BUILT_PRODUCTS_DIR; };
		B1E265E619399FCEFE68E1A6 /* Pods_CarDemo.framework */ = {isa = PBXFileReference; explicitFileType = wrapper.framework; includeInIndex = 0; path = Pods_CarDemo.framework; sourceTree = BUILT_PRODUCTS_DIR; };
		B2D78E5E76D340EADD1114FE /* Pods-CarDemo.debug.xcconfig */ = {isa = PBXFileReference; includeInIndex = 1; lastKnownFileType = text.xcconfig; name = "Pods-CarDemo.debug.xcconfig"; path = "Target Support Files/Pods-CarDemo/Pods-CarDemo.debug.xcconfig"; sourceTree = "<group>"; };
		E49E79B22A82D21A23B3203E /* Pods-CarDemo-CarDemoUITests.debug.xcconfig */ = {isa = PBXFileReference; includeInIndex = 1; lastKnownFileType = text.xcconfig; name = "Pods-CarDemo-CarDemoUITests.debug.xcconfig"; path = "Target Support Files/Pods-CarDemo-CarDemoUITests/Pods-CarDemo-CarDemoUITests.debug.xcconfig"; sourceTree = "<group>"; };
/* End PBXFileReference section */

/* Begin PBXFrameworksBuildPhase section */
		A07F9FC12892F23E000C3100 /* Frameworks */ = {
			isa = PBXFrameworksBuildPhase;
			buildActionMask = 2147483647;
			files = (
				E30384894B922A89685A117F /* Pods_CarDemo.framework in Frameworks */,
			);
			runOnlyForDeploymentPostprocessing = 0;
		};
		A07F9FD72892F23F000C3100 /* Frameworks */ = {
			isa = PBXFrameworksBuildPhase;
			buildActionMask = 2147483647;
			files = (
				05D9BA7C27FEAC03B8533F87 /* Pods_CarDemoTests.framework in Frameworks */,
			);
			runOnlyForDeploymentPostprocessing = 0;
		};
		A07F9FE22892F23F000C3100 /* Frameworks */ = {
			isa = PBXFrameworksBuildPhase;
			buildActionMask = 2147483647;
			files = (
				D34D05B26530FA7F16006D9C /* Pods_CarDemo_CarDemoUITests.framework in Frameworks */,
			);
			runOnlyForDeploymentPostprocessing = 0;
		};
/* End PBXFrameworksBuildPhase section */

/* Begin PBXGroup section */
		9160B80AB7459B27C4283632 /* Pods */ = {
			isa = PBXGroup;
			children = (
				B2D78E5E76D340EADD1114FE /* Pods-CarDemo.debug.xcconfig */,
				A53E4681A30A6B04B8C05166 /* Pods-CarDemo.release.xcconfig */,
				E49E79B22A82D21A23B3203E /* Pods-CarDemo-CarDemoUITests.debug.xcconfig */,
				0042C38A8A37E6909B96E047 /* Pods-CarDemo-CarDemoUITests.release.xcconfig */,
				2E12AA3CAE37568BCF284D34 /* Pods-CarDemoTests.debug.xcconfig */,
				2078700AEB00F02457F6DC29 /* Pods-CarDemoTests.release.xcconfig */,
			);
			path = Pods;
			sourceTree = "<group>";
		};
		A07F9FBB2892F23E000C3100 = {
			isa = PBXGroup;
			children = (
				A07F9FC62892F23E000C3100 /* CarDemo */,
				A07F9FDD2892F23F000C3100 /* CarDemoTests */,
				A07F9FE82892F23F000C3100 /* CarDemoUITests */,
				A07F9FC52892F23E000C3100 /* Products */,
				9160B80AB7459B27C4283632 /* Pods */,
				CFCBED94C7F231F155763B56 /* Frameworks */,
			);
			sourceTree = "<group>";
		};
		A07F9FC52892F23E000C3100 /* Products */ = {
			isa = PBXGroup;
			children = (
				A07F9FC42892F23E000C3100 /* CarDemo.app */,
				A07F9FDA2892F23F000C3100 /* CarDemoTests.xctest */,
				A07F9FE52892F23F000C3100 /* CarDemoUITests.xctest */,
			);
			name = Products;
			sourceTree = "<group>";
		};
		A07F9FC62892F23E000C3100 /* CarDemo */ = {
			isa = PBXGroup;
			children = (
				A07F9FF72892F401000C3100 /* Scenes */,
				A07FA03C2893A3F8000C3100 /* Network */,
				A07F9FFD2892F401000C3100 /* App */,
				A07F9FFE2892F401000C3100 /* Components */,
				A07F9FF92892F401000C3100 /* Constants */,
				A07F9FFC2892F401000C3100 /* Extensions */,
				A07F9FFA2892F401000C3100 /* Resources */,
				A07F9FD52892F23F000C3100 /* Info.plist */,
			);
			path = CarDemo;
			sourceTree = "<group>";
		};
		A07F9FDD2892F23F000C3100 /* CarDemoTests */ = {
			isa = PBXGroup;
			children = (
				A07F9FDE2892F23F000C3100 /* CarDemoTests.swift */,
				A07F9FE02892F23F000C3100 /* Info.plist */,
			);
			path = CarDemoTests;
			sourceTree = "<group>";
		};
		A07F9FE82892F23F000C3100 /* CarDemoUITests */ = {
			isa = PBXGroup;
			children = (
				A07F9FE92892F23F000C3100 /* CarDemoUITests.swift */,
				A07F9FEB2892F23F000C3100 /* Info.plist */,
			);
			path = CarDemoUITests;
			sourceTree = "<group>";
		};
		A07F9FF72892F401000C3100 /* Scenes */ = {
			isa = PBXGroup;
			children = (
				A07FA0392893A257000C3100 /* Map */,
				A07FA01F2892FC94000C3100 /* CardList */,
				A07FA00A2892F70E000C3100 /* TabBarController */,
				A07F9FCD2892F23E000C3100 /* Main.storyboard */,
				A07F9FD22892F23F000C3100 /* LaunchScreen.storyboard */,
			);
			path = Scenes;
			sourceTree = "<group>";
		};
		A07F9FF92892F401000C3100 /* Constants */ = {
			isa = PBXGroup;
			children = (
				A07FA0012892F426000C3100 /* Constants.swift */,
			);
			path = Constants;
			sourceTree = "<group>";
		};
		A07F9FFA2892F401000C3100 /* Resources */ = {
			isa = PBXGroup;
			children = (
				A07F9FD02892F23F000C3100 /* Assets.xcassets */,
				A07FA0092892F500000C3100 /* Localizable.strings */,
			);
			path = Resources;
			sourceTree = "<group>";
		};
		A07F9FFC2892F401000C3100 /* Extensions */ = {
			isa = PBXGroup;
			children = (
				A07FA0032892F4CC000C3100 /* String+Localizable.swift */,
				A07FA03528939B35000C3100 /* StoryboardHelper.swift */,
				A0B41BD528952E9D00E6CE39 /* Uiview+Main.swift */,
			);
			path = Extensions;
			sourceTree = "<group>";
		};
		A07F9FFD2892F401000C3100 /* App */ = {
			isa = PBXGroup;
			children = (
				A07F9FC72892F23E000C3100 /* AppDelegate.swift */,
				A07F9FC92892F23E000C3100 /* SceneDelegate.swift */,
			);
			path = App;
			sourceTree = "<group>";
		};
		A07F9FFE2892F401000C3100 /* Components */ = {
			isa = PBXGroup;
			children = (
				A07FA03228939A9A000C3100 /* Utils */,
				A07F9FFF2892F401000C3100 /* UI */,
			);
			path = Components;
			sourceTree = "<group>";
		};
		A07F9FFF2892F401000C3100 /* UI */ = {
			isa = PBXGroup;
			children = (
				A07FA02B2892FDE5000C3100 /* NavigationController */,
				A07FA00D2892FA3D000C3100 /* BaseViewController.swift */,
				A0B41BD02895218A00E6CE39 /* LazyImageView.swift */,
				A0B41BD92895A56200E6CE39 /* EmptyStateViewModel.swift */,
			);
			path = UI;
			sourceTree = "<group>";
		};
		A07FA00A2892F70E000C3100 /* TabBarController */ = {
			isa = PBXGroup;
			children = (
				A07FA00B2892F728000C3100 /* MainTabbarController.swift */,
			);
			path = TabBarController;
			sourceTree = "<group>";
		};
		A07FA01F2892FC94000C3100 /* CardList */ = {
			isa = PBXGroup;
			children = (
				A0B41BD22895268400E6CE39 /* ViewModel */,
				A07FA05928941450000C3100 /* Presenter */,
				A07FA055289407C9000C3100 /* Interactor */,
				A07FA054289407AA000C3100 /* View */,
				A07FA0282892FD0B000C3100 /* Buider */,
			);
			path = CardList;
			sourceTree = "<group>";
		};
		A07FA0282892FD0B000C3100 /* Buider */ = {
			isa = PBXGroup;
			children = (
				A07FA0292892FD1C000C3100 /* CarListBuilder.swift */,
			);
			path = Buider;
			sourceTree = "<group>";
		};
		A07FA02B2892FDE5000C3100 /* NavigationController */ = {
			isa = PBXGroup;
			children = (
				A07FA02E2892FE1B000C3100 /* CustomNavigationController.swift */,
			);
			path = NavigationController;
			sourceTree = "<group>";
		};
		A07FA03228939A9A000C3100 /* Utils */ = {
			isa = PBXGroup;
			children = (
				A07FA03328939AA6000C3100 /* Identifiable.swift */,
				A0B41BCC2895197F00E6CE39 /* DataManager.swift */,
				A0B41BDB2895A7DA00E6CE39 /* EmptyStateEnum.swift */,
			);
			path = Utils;
			sourceTree = "<group>";
		};
		A07FA0392893A257000C3100 /* Map */ = {
			isa = PBXGroup;
			children = (
				A07FA06128941AE7000C3100 /* ViewModel */,
				A07FA0572894143C000C3100 /* Interactor */,
				A07FA0582894143C000C3100 /* Presenter */,
				A07FA0562894143C000C3100 /* View */,
			);
			path = Map;
			sourceTree = "<group>";
		};
		A07FA03C2893A3F8000C3100 /* Network */ = {
			isa = PBXGroup;
			children = (
				A07FA04F2893EA95000C3100 /* Service */,
				A07FA03D2893C959000C3100 /* ResponseModel */,
				A07FA0412893D24B000C3100 /* APIEnvironment.swift */,
				A07FA0432893D43B000C3100 /* APIPath.swift */,
				A07FA0452893D549000C3100 /* APIHandler.swift */,
				A07FA0472893D656000C3100 /* RequestHandler+Extension.swift */,
				A07FA0492893D6BF000C3100 /* ResponseHandler+Extension.swift */,
				A07FA04B2893D703000C3100 /* APILoader.swift */,
			);
			path = Network;
			sourceTree = "<group>";
		};
		A07FA03D2893C959000C3100 /* ResponseModel */ = {
			isa = PBXGroup;
			children = (
				A07FA03E2893C969000C3100 /* Cars */,
			);
			path = ResponseModel;
			sourceTree = "<group>";
		};
		A07FA03E2893C969000C3100 /* Cars */ = {
			isa = PBXGroup;
			children = (
				A07FA03F2893C97D000C3100 /* CarResponseModel.swift */,
			);
			path = Cars;
			sourceTree = "<group>";
		};
		A07FA04F2893EA95000C3100 /* Service */ = {
			isa = PBXGroup;
			children = (
				A07FA0502893EAA7000C3100 /* CarService.swift */,
			);
			path = Service;
			sourceTree = "<group>";
		};
		A07FA054289407AA000C3100 /* View */ = {
			isa = PBXGroup;
			children = (
				A07FA05A2894151F000C3100 /* cell */,
				A07FA0202892FCB4000C3100 /* CarListViewController.swift */,
			);
			path = View;
			sourceTree = "<group>";
		};
		A07FA055289407C9000C3100 /* Interactor */ = {
			isa = PBXGroup;
			children = (
				A07FA0222892FCD4000C3100 /* CarListInteractor.swift */,
			);
			path = Interactor;
			sourceTree = "<group>";
		};
		A07FA0562894143C000C3100 /* View */ = {
			isa = PBXGroup;
			children = (
				A07FA03A2893A262000C3100 /* MapViewController.swift */,
			);
			path = View;
			sourceTree = "<group>";
		};
		A07FA0572894143C000C3100 /* Interactor */ = {
			isa = PBXGroup;
			children = (
				A07FA04D2893E84C000C3100 /* MapInteractor.swift */,
			);
			path = Interactor;
			sourceTree = "<group>";
		};
		A07FA0582894143C000C3100 /* Presenter */ = {
			isa = PBXGroup;
			children = (
				A07FA0522893EE6D000C3100 /* MapPresenter.swift */,
			);
			path = Presenter;
			sourceTree = "<group>";
		};
		A07FA05928941450000C3100 /* Presenter */ = {
			isa = PBXGroup;
			children = (
				A07FA0242892FCE2000C3100 /* CarListPresenter.swift */,
			);
			path = Presenter;
			sourceTree = "<group>";
		};
		A07FA05A2894151F000C3100 /* cell */ = {
			isa = PBXGroup;
			children = (
				A07FA05B2894154C000C3100 /* CarListCell.swift */,
				A07FA05D28941560000C3100 /* CarListCell.xib */,
				A07FA05F289418B4000C3100 /* CarListCellViewModel.swift */,
				A0B41BCE28951C5D00E6CE39 /* CarTableViewConfigure.swift */,
			);
			path = cell;
			sourceTree = "<group>";
		};
		A07FA06128941AE7000C3100 /* ViewModel */ = {
			isa = PBXGroup;
			children = (
				A07FA06228941AF2000C3100 /* MapViewModel.swift */,
			);
			path = ViewModel;
			sourceTree = "<group>";
		};
		A0B41BD22895268400E6CE39 /* ViewModel */ = {
			isa = PBXGroup;
			children = (
				A0B41BD32895269300E6CE39 /* CarListViewModel.swift */,
			);
			path = ViewModel;
			sourceTree = "<group>";
		};
		CFCBED94C7F231F155763B56 /* Frameworks */ = {
			isa = PBXGroup;
			children = (
				B1E265E619399FCEFE68E1A6 /* Pods_CarDemo.framework */,
				6031756CC7B3D2D7C1671904 /* Pods_CarDemo_CarDemoUITests.framework */,
				AB44E46A12ACB10F721FF68A /* Pods_CarDemoTests.framework */,
			);
			name = Frameworks;
			sourceTree = "<group>";
		};
/* End PBXGroup section */

/* Begin PBXNativeTarget section */
		A07F9FC32892F23E000C3100 /* CarDemo */ = {
			isa = PBXNativeTarget;
			buildConfigurationList = A07F9FEE2892F23F000C3100 /* Build configuration list for PBXNativeTarget "CarDemo" */;
			buildPhases = (
				61B855B2C9C827729E85FACD /* [CP] Check Pods Manifest.lock */,
				A07F9FC02892F23E000C3100 /* Sources */,
				A07F9FC12892F23E000C3100 /* Frameworks */,
				A07F9FC22892F23E000C3100 /* Resources */,
				1D1AEC241858C190382CE6AC /* [CP] Embed Pods Frameworks */,
			);
			buildRules = (
			);
			dependencies = (
			);
			name = CarDemo;
			productName = CarDemo;
			productReference = A07F9FC42892F23E000C3100 /* CarDemo.app */;
			productType = "com.apple.product-type.application";
		};
		A07F9FD92892F23F000C3100 /* CarDemoTests */ = {
			isa = PBXNativeTarget;
			buildConfigurationList = A07F9FF12892F23F000C3100 /* Build configuration list for PBXNativeTarget "CarDemoTests" */;
			buildPhases = (
				16AD28107E29CE18826F3FBE /* [CP] Check Pods Manifest.lock */,
				A07F9FD62892F23F000C3100 /* Sources */,
				A07F9FD72892F23F000C3100 /* Frameworks */,
				A07F9FD82892F23F000C3100 /* Resources */,
			);
			buildRules = (
			);
			dependencies = (
				A07F9FDC2892F23F000C3100 /* PBXTargetDependency */,
			);
			name = CarDemoTests;
			productName = CarDemoTests;
			productReference = A07F9FDA2892F23F000C3100 /* CarDemoTests.xctest */;
			productType = "com.apple.product-type.bundle.unit-test";
		};
		A07F9FE42892F23F000C3100 /* CarDemoUITests */ = {
			isa = PBXNativeTarget;
			buildConfigurationList = A07F9FF42892F23F000C3100 /* Build configuration list for PBXNativeTarget "CarDemoUITests" */;
			buildPhases = (
				89B6A7CBF1BCB587E0963475 /* [CP] Check Pods Manifest.lock */,
				A07F9FE12892F23F000C3100 /* Sources */,
				A07F9FE22892F23F000C3100 /* Frameworks */,
				A07F9FE32892F23F000C3100 /* Resources */,
				C4C9A1EE04DC71F818CD356F /* [CP] Embed Pods Frameworks */,
			);
			buildRules = (
			);
			dependencies = (
				A07F9FE72892F23F000C3100 /* PBXTargetDependency */,
			);
			name = CarDemoUITests;
			productName = CarDemoUITests;
			productReference = A07F9FE52892F23F000C3100 /* CarDemoUITests.xctest */;
			productType = "com.apple.product-type.bundle.ui-testing";
		};
/* End PBXNativeTarget section */

/* Begin PBXProject section */
		A07F9FBC2892F23E000C3100 /* Project object */ = {
			isa = PBXProject;
			attributes = {
				LastSwiftUpdateCheck = 1250;
				LastUpgradeCheck = 1250;
				TargetAttributes = {
					A07F9FC32892F23E000C3100 = {
						CreatedOnToolsVersion = 12.5.1;
					};
					A07F9FD92892F23F000C3100 = {
						CreatedOnToolsVersion = 12.5.1;
						TestTargetID = A07F9FC32892F23E000C3100;
					};
					A07F9FE42892F23F000C3100 = {
						CreatedOnToolsVersion = 12.5.1;
						TestTargetID = A07F9FC32892F23E000C3100;
					};
				};
			};
			buildConfigurationList = A07F9FBF2892F23E000C3100 /* Build configuration list for PBXProject "CarDemo" */;
			compatibilityVersion = "Xcode 9.3";
			developmentRegion = en;
			hasScannedForEncodings = 0;
			knownRegions = (
				en,
				Base,
			);
			mainGroup = A07F9FBB2892F23E000C3100;
			productRefGroup = A07F9FC52892F23E000C3100 /* Products */;
			projectDirPath = "";
			projectRoot = "";
			targets = (
				A07F9FC32892F23E000C3100 /* CarDemo */,
				A07F9FD92892F23F000C3100 /* CarDemoTests */,
				A07F9FE42892F23F000C3100 /* CarDemoUITests */,
			);
		};
/* End PBXProject section */

/* Begin PBXResourcesBuildPhase section */
		A07F9FC22892F23E000C3100 /* Resources */ = {
			isa = PBXResourcesBuildPhase;
			buildActionMask = 2147483647;
			files = (
				A07F9FD42892F23F000C3100 /* LaunchScreen.storyboard in Resources */,
				A07FA0072892F500000C3100 /* Localizable.strings in Resources */,
				A07F9FD12892F23F000C3100 /* Assets.xcassets in Resources */,
				A07FA05E28941560000C3100 /* CarListCell.xib in Resources */,
				A07F9FCF2892F23E000C3100 /* Main.storyboard in Resources */,
			);
			runOnlyForDeploymentPostprocessing = 0;
		};
		A07F9FD82892F23F000C3100 /* Resources */ = {
			isa = PBXResourcesBuildPhase;
			buildActionMask = 2147483647;
			files = (
			);
			runOnlyForDeploymentPostprocessing = 0;
		};
		A07F9FE32892F23F000C3100 /* Resources */ = {
			isa = PBXResourcesBuildPhase;
			buildActionMask = 2147483647;
			files = (
			);
			runOnlyForDeploymentPostprocessing = 0;
		};
/* End PBXResourcesBuildPhase section */

/* Begin PBXShellScriptBuildPhase section */
		16AD28107E29CE18826F3FBE /* [CP] Check Pods Manifest.lock */ = {
			isa = PBXShellScriptBuildPhase;
			buildActionMask = 2147483647;
			files = (
			);
			inputFileListPaths = (
			);
			inputPaths = (
				"${PODS_PODFILE_DIR_PATH}/Podfile.lock",
				"${PODS_ROOT}/Manifest.lock",
			);
			name = "[CP] Check Pods Manifest.lock";
			outputFileListPaths = (
			);
			outputPaths = (
				"$(DERIVED_FILE_DIR)/Pods-CarDemoTests-checkManifestLockResult.txt",
			);
			runOnlyForDeploymentPostprocessing = 0;
			shellPath = /bin/sh;
			shellScript = "diff \"${PODS_PODFILE_DIR_PATH}/Podfile.lock\" \"${PODS_ROOT}/Manifest.lock\" > /dev/null\nif [ $? != 0 ] ; then\n    # print error to STDERR\n    echo \"error: The sandbox is not in sync with the Podfile.lock. Run 'pod install' or update your CocoaPods installation.\" >&2\n    exit 1\nfi\n# This output is used by Xcode 'outputs' to avoid re-running this script phase.\necho \"SUCCESS\" > \"${SCRIPT_OUTPUT_FILE_0}\"\n";
			showEnvVarsInLog = 0;
		};
		1D1AEC241858C190382CE6AC /* [CP] Embed Pods Frameworks */ = {
			isa = PBXShellScriptBuildPhase;
			buildActionMask = 2147483647;
			files = (
			);
			inputFileListPaths = (
				"${PODS_ROOT}/Target Support Files/Pods-CarDemo/Pods-CarDemo-frameworks-${CONFIGURATION}-input-files.xcfilelist",
			);
			name = "[CP] Embed Pods Frameworks";
			outputFileListPaths = (
				"${PODS_ROOT}/Target Support Files/Pods-CarDemo/Pods-CarDemo-frameworks-${CONFIGURATION}-output-files.xcfilelist",
			);
			runOnlyForDeploymentPostprocessing = 0;
			shellPath = /bin/sh;
			shellScript = "\"${PODS_ROOT}/Target Support Files/Pods-CarDemo/Pods-CarDemo-frameworks.sh\"\n";
			showEnvVarsInLog = 0;
		};
		61B855B2C9C827729E85FACD /* [CP] Check Pods Manifest.lock */ = {
			isa = PBXShellScriptBuildPhase;
			buildActionMask = 2147483647;
			files = (
			);
			inputFileListPaths = (
			);
			inputPaths = (
				"${PODS_PODFILE_DIR_PATH}/Podfile.lock",
				"${PODS_ROOT}/Manifest.lock",
			);
			name = "[CP] Check Pods Manifest.lock";
			outputFileListPaths = (
			);
			outputPaths = (
				"$(DERIVED_FILE_DIR)/Pods-CarDemo-checkManifestLockResult.txt",
			);
			runOnlyForDeploymentPostprocessing = 0;
			shellPath = /bin/sh;
			shellScript = "diff \"${PODS_PODFILE_DIR_PATH}/Podfile.lock\" \"${PODS_ROOT}/Manifest.lock\" > /dev/null\nif [ $? != 0 ] ; then\n    # print error to STDERR\n    echo \"error: The sandbox is not in sync with the Podfile.lock. Run 'pod install' or update your CocoaPods installation.\" >&2\n    exit 1\nfi\n# This output is used by Xcode 'outputs' to avoid re-running this script phase.\necho \"SUCCESS\" > \"${SCRIPT_OUTPUT_FILE_0}\"\n";
			showEnvVarsInLog = 0;
		};
		89B6A7CBF1BCB587E0963475 /* [CP] Check Pods Manifest.lock */ = {
			isa = PBXShellScriptBuildPhase;
			buildActionMask = 2147483647;
			files = (
			);
			inputFileListPaths = (
			);
			inputPaths = (
				"${PODS_PODFILE_DIR_PATH}/Podfile.lock",
				"${PODS_ROOT}/Manifest.lock",
			);
			name = "[CP] Check Pods Manifest.lock";
			outputFileListPaths = (
			);
			outputPaths = (
				"$(DERIVED_FILE_DIR)/Pods-CarDemo-CarDemoUITests-checkManifestLockResult.txt",
			);
			runOnlyForDeploymentPostprocessing = 0;
			shellPath = /bin/sh;
			shellScript = "diff \"${PODS_PODFILE_DIR_PATH}/Podfile.lock\" \"${PODS_ROOT}/Manifest.lock\" > /dev/null\nif [ $? != 0 ] ; then\n    # print error to STDERR\n    echo \"error: The sandbox is not in sync with the Podfile.lock. Run 'pod install' or update your CocoaPods installation.\" >&2\n    exit 1\nfi\n# This output is used by Xcode 'outputs' to avoid re-running this script phase.\necho \"SUCCESS\" > \"${SCRIPT_OUTPUT_FILE_0}\"\n";
			showEnvVarsInLog = 0;
		};
		C4C9A1EE04DC71F818CD356F /* [CP] Embed Pods Frameworks */ = {
			isa = PBXShellScriptBuildPhase;
			buildActionMask = 2147483647;
			files = (
			);
			inputFileListPaths = (
				"${PODS_ROOT}/Target Support Files/Pods-CarDemo-CarDemoUITests/Pods-CarDemo-CarDemoUITests-frameworks-${CONFIGURATION}-input-files.xcfilelist",
			);
			name = "[CP] Embed Pods Frameworks";
			outputFileListPaths = (
				"${PODS_ROOT}/Target Support Files/Pods-CarDemo-CarDemoUITests/Pods-CarDemo-CarDemoUITests-frameworks-${CONFIGURATION}-output-files.xcfilelist",
			);
			runOnlyForDeploymentPostprocessing = 0;
			shellPath = /bin/sh;
			shellScript = "\"${PODS_ROOT}/Target Support Files/Pods-CarDemo-CarDemoUITests/Pods-CarDemo-CarDemoUITests-frameworks.sh\"\n";
			showEnvVarsInLog = 0;
		};
/* End PBXShellScriptBuildPhase section */

/* Begin PBXSourcesBuildPhase section */
		A07F9FC02892F23E000C3100 /* Sources */ = {
			isa = PBXSourcesBuildPhase;
			buildActionMask = 2147483647;
			files = (
				A07FA02F2892FE1B000C3100 /* CustomNavigationController.swift in Sources */,
				A07F9FC82892F23E000C3100 /* AppDelegate.swift in Sources */,
				A0B41BDC2895A7DA00E6CE39 /* EmptyStateEnum.swift in Sources */,
				A07F9FCA2892F23E000C3100 /* SceneDelegate.swift in Sources */,
				A07FA00C2892F728000C3100 /* MainTabbarController.swift in Sources */,
				A07FA0462893D549000C3100 /* APIHandler.swift in Sources */,
				A07FA0212892FCB4000C3100 /* CarListViewController.swift in Sources */,
				A07FA0422893D24B000C3100 /* APIEnvironment.swift in Sources */,
				A0B41BD42895269300E6CE39 /* CarListViewModel.swift in Sources */,
				A07FA060289418B4000C3100 /* CarListCellViewModel.swift in Sources */,
				A0B41BDA2895A56200E6CE39 /* EmptyStateViewModel.swift in Sources */,
				A07FA0532893EE6D000C3100 /* MapPresenter.swift in Sources */,
				A07FA04C2893D703000C3100 /* APILoader.swift in Sources */,
				A07FA0022892F426000C3100 /* Constants.swift in Sources */,
				A07FA04E2893E84C000C3100 /* MapInteractor.swift in Sources */,
				A07FA03428939AA6000C3100 /* Identifiable.swift in Sources */,
				A07FA05C2894154C000C3100 /* CarListCell.swift in Sources */,
				A07FA0402893C97D000C3100 /* CarResponseModel.swift in Sources */,
				A0B41BCF28951C5D00E6CE39 /* CarTableViewConfigure.swift in Sources */,
				A07FA0042892F4CC000C3100 /* String+Localizable.swift in Sources */,
				A07FA00E2892FA3D000C3100 /* BaseViewController.swift in Sources */,
				A0B41BD12895218A00E6CE39 /* LazyImageView.swift in Sources */,
				A0B41BCD2895197F00E6CE39 /* DataManager.swift in Sources */,
				A0B41BD628952E9D00E6CE39 /* Uiview+Main.swift in Sources */,
				A07FA04A2893D6C0000C3100 /* ResponseHandler+Extension.swift in Sources */,
				A07FA0232892FCD4000C3100 /* CarListInteractor.swift in Sources */,
				A07FA0252892FCE2000C3100 /* CarListPresenter.swift in Sources */,
				A07FA0442893D43B000C3100 /* APIPath.swift in Sources */,
				A07FA0512893EAA7000C3100 /* CarService.swift in Sources */,
				A07FA02A2892FD1C000C3100 /* CarListBuilder.swift in Sources */,
				A07FA0482893D656000C3100 /* RequestHandler+Extension.swift in Sources */,
				A07FA03628939B35000C3100 /* StoryboardHelper.swift in Sources */,
				A07FA03B2893A262000C3100 /* MapViewController.swift in Sources */,
				A07FA06328941AF2000C3100 /* MapViewModel.swift in Sources */,
			);
			runOnlyForDeploymentPostprocessing = 0;
		};
		A07F9FD62892F23F000C3100 /* Sources */ = {
			isa = PBXSourcesBuildPhase;
			buildActionMask = 2147483647;
			files = (
				A07F9FDF2892F23F000C3100 /* CarDemoTests.swift in Sources */,
			);
			runOnlyForDeploymentPostprocessing = 0;
		};
		A07F9FE12892F23F000C3100 /* Sources */ = {
			isa = PBXSourcesBuildPhase;
			buildActionMask = 2147483647;
			files = (
				A07F9FEA2892F23F000C3100 /* CarDemoUITests.swift in Sources */,
			);
			runOnlyForDeploymentPostprocessing = 0;
		};
/* End PBXSourcesBuildPhase section */

/* Begin PBXTargetDependency section */
		A07F9FDC2892F23F000C3100 /* PBXTargetDependency */ = {
			isa = PBXTargetDependency;
			target = A07F9FC32892F23E000C3100 /* CarDemo */;
			targetProxy = A07F9FDB2892F23F000C3100 /* PBXContainerItemProxy */;
		};
		A07F9FE72892F23F000C3100 /* PBXTargetDependency */ = {
			isa = PBXTargetDependency;
			target = A07F9FC32892F23E000C3100 /* CarDemo */;
			targetProxy = A07F9FE62892F23F000C3100 /* PBXContainerItemProxy */;
		};
/* End PBXTargetDependency section */

/* Begin PBXVariantGroup section */
		A07F9FCD2892F23E000C3100 /* Main.storyboard */ = {
			isa = PBXVariantGroup;
			children = (
				A07F9FCE2892F23E000C3100 /* Base */,
			);
			name = Main.storyboard;
			sourceTree = "<group>";
		};
		A07F9FD22892F23F000C3100 /* LaunchScreen.storyboard */ = {
			isa = PBXVariantGroup;
			children = (
				A07F9FD32892F23F000C3100 /* Base */,
			);
			name = LaunchScreen.storyboard;
			sourceTree = "<group>";
		};
		A07FA0092892F500000C3100 /* Localizable.strings */ = {
			isa = PBXVariantGroup;
			children = (
				A07FA0082892F500000C3100 /* en */,
			);
			name = Localizable.strings;
			sourceTree = "<group>";
		};
/* End PBXVariantGroup section */

/* Begin XCBuildConfiguration section */
		A07F9FEC2892F23F000C3100 /* Debug */ = {
			isa = XCBuildConfiguration;
			buildSettings = {
				ALWAYS_SEARCH_USER_PATHS = NO;
				CLANG_ANALYZER_NONNULL = YES;
				CLANG_ANALYZER_NUMBER_OBJECT_CONVERSION = YES_AGGRESSIVE;
				CLANG_CXX_LANGUAGE_STANDARD = "gnu++14";
				CLANG_CXX_LIBRARY = "libc++";
				CLANG_ENABLE_MODULES = YES;
				CLANG_ENABLE_OBJC_ARC = YES;
				CLANG_ENABLE_OBJC_WEAK = YES;
				CLANG_WARN_BLOCK_CAPTURE_AUTORELEASING = YES;
				CLANG_WARN_BOOL_CONVERSION = YES;
				CLANG_WARN_COMMA = YES;
				CLANG_WARN_CONSTANT_CONVERSION = YES;
				CLANG_WARN_DEPRECATED_OBJC_IMPLEMENTATIONS = YES;
				CLANG_WARN_DIRECT_OBJC_ISA_USAGE = YES_ERROR;
				CLANG_WARN_DOCUMENTATION_COMMENTS = YES;
				CLANG_WARN_EMPTY_BODY = YES;
				CLANG_WARN_ENUM_CONVERSION = YES;
				CLANG_WARN_INFINITE_RECURSION = YES;
				CLANG_WARN_INT_CONVERSION = YES;
				CLANG_WARN_NON_LITERAL_NULL_CONVERSION = YES;
				CLANG_WARN_OBJC_IMPLICIT_RETAIN_SELF = YES;
				CLANG_WARN_OBJC_LITERAL_CONVERSION = YES;
				CLANG_WARN_OBJC_ROOT_CLASS = YES_ERROR;
				CLANG_WARN_QUOTED_INCLUDE_IN_FRAMEWORK_HEADER = YES;
				CLANG_WARN_RANGE_LOOP_ANALYSIS = YES;
				CLANG_WARN_STRICT_PROTOTYPES = YES;
				CLANG_WARN_SUSPICIOUS_MOVE = YES;
				CLANG_WARN_UNGUARDED_AVAILABILITY = YES_AGGRESSIVE;
				CLANG_WARN_UNREACHABLE_CODE = YES;
				CLANG_WARN__DUPLICATE_METHOD_MATCH = YES;
				COPY_PHASE_STRIP = NO;
				DEBUG_INFORMATION_FORMAT = dwarf;
				ENABLE_STRICT_OBJC_MSGSEND = YES;
				ENABLE_TESTABILITY = YES;
				GCC_C_LANGUAGE_STANDARD = gnu11;
				GCC_DYNAMIC_NO_PIC = NO;
				GCC_NO_COMMON_BLOCKS = YES;
				GCC_OPTIMIZATION_LEVEL = 0;
				GCC_PREPROCESSOR_DEFINITIONS = (
					"DEBUG=1",
					"$(inherited)",
				);
				GCC_WARN_64_TO_32_BIT_CONVERSION = YES;
				GCC_WARN_ABOUT_RETURN_TYPE = YES_ERROR;
				GCC_WARN_UNDECLARED_SELECTOR = YES;
				GCC_WARN_UNINITIALIZED_AUTOS = YES_AGGRESSIVE;
				GCC_WARN_UNUSED_FUNCTION = YES;
				GCC_WARN_UNUSED_VARIABLE = YES;
				IPHONEOS_DEPLOYMENT_TARGET = 14.5;
				MTL_ENABLE_DEBUG_INFO = INCLUDE_SOURCE;
				MTL_FAST_MATH = YES;
				ONLY_ACTIVE_ARCH = YES;
				SDKROOT = iphoneos;
				SWIFT_ACTIVE_COMPILATION_CONDITIONS = DEBUG;
				SWIFT_OPTIMIZATION_LEVEL = "-Onone";
			};
			name = Debug;
		};
		A07F9FED2892F23F000C3100 /* Release */ = {
			isa = XCBuildConfiguration;
			buildSettings = {
				ALWAYS_SEARCH_USER_PATHS = NO;
				CLANG_ANALYZER_NONNULL = YES;
				CLANG_ANALYZER_NUMBER_OBJECT_CONVERSION = YES_AGGRESSIVE;
				CLANG_CXX_LANGUAGE_STANDARD = "gnu++14";
				CLANG_CXX_LIBRARY = "libc++";
				CLANG_ENABLE_MODULES = YES;
				CLANG_ENABLE_OBJC_ARC = YES;
				CLANG_ENABLE_OBJC_WEAK = YES;
				CLANG_WARN_BLOCK_CAPTURE_AUTORELEASING = YES;
				CLANG_WARN_BOOL_CONVERSION = YES;
				CLANG_WARN_COMMA = YES;
				CLANG_WARN_CONSTANT_CONVERSION = YES;
				CLANG_WARN_DEPRECATED_OBJC_IMPLEMENTATIONS = YES;
				CLANG_WARN_DIRECT_OBJC_ISA_USAGE = YES_ERROR;
				CLANG_WARN_DOCUMENTATION_COMMENTS = YES;
				CLANG_WARN_EMPTY_BODY = YES;
				CLANG_WARN_ENUM_CONVERSION = YES;
				CLANG_WARN_INFINITE_RECURSION = YES;
				CLANG_WARN_INT_CONVERSION = YES;
				CLANG_WARN_NON_LITERAL_NULL_CONVERSION = YES;
				CLANG_WARN_OBJC_IMPLICIT_RETAIN_SELF = YES;
				CLANG_WARN_OBJC_LITERAL_CONVERSION = YES;
				CLANG_WARN_OBJC_ROOT_CLASS = YES_ERROR;
				CLANG_WARN_QUOTED_INCLUDE_IN_FRAMEWORK_HEADER = YES;
				CLANG_WARN_RANGE_LOOP_ANALYSIS = YES;
				CLANG_WARN_STRICT_PROTOTYPES = YES;
				CLANG_WARN_SUSPICIOUS_MOVE = YES;
				CLANG_WARN_UNGUARDED_AVAILABILITY = YES_AGGRESSIVE;
				CLANG_WARN_UNREACHABLE_CODE = YES;
				CLANG_WARN__DUPLICATE_METHOD_MATCH = YES;
				COPY_PHASE_STRIP = NO;
				DEBUG_INFORMATION_FORMAT = "dwarf-with-dsym";
				ENABLE_NS_ASSERTIONS = NO;
				ENABLE_STRICT_OBJC_MSGSEND = YES;
				GCC_C_LANGUAGE_STANDARD = gnu11;
				GCC_NO_COMMON_BLOCKS = YES;
				GCC_WARN_64_TO_32_BIT_CONVERSION = YES;
				GCC_WARN_ABOUT_RETURN_TYPE = YES_ERROR;
				GCC_WARN_UNDECLARED_SELECTOR = YES;
				GCC_WARN_UNINITIALIZED_AUTOS = YES_AGGRESSIVE;
				GCC_WARN_UNUSED_FUNCTION = YES;
				GCC_WARN_UNUSED_VARIABLE = YES;
				IPHONEOS_DEPLOYMENT_TARGET = 14.5;
				MTL_ENABLE_DEBUG_INFO = NO;
				MTL_FAST_MATH = YES;
				SDKROOT = iphoneos;
				SWIFT_COMPILATION_MODE = wholemodule;
				SWIFT_OPTIMIZATION_LEVEL = "-O";
				VALIDATE_PRODUCT = YES;
			};
			name = Release;
		};
		A07F9FEF2892F23F000C3100 /* Debug */ = {
			isa = XCBuildConfiguration;
			baseConfigurationReference = B2D78E5E76D340EADD1114FE /* Pods-CarDemo.debug.xcconfig */;
			buildSettings = {
				ASSETCATALOG_COMPILER_APPICON_NAME = AppIcon;
				ASSETCATALOG_COMPILER_GLOBAL_ACCENT_COLOR_NAME = AccentColor;
				CODE_SIGN_STYLE = Automatic;
				INFOPLIST_FILE = CarDemo/Info.plist;
				LD_RUNPATH_SEARCH_PATHS = (
					"$(inherited)",
					"@executable_path/Frameworks",
				);
				PRODUCT_BUNDLE_IDENTIFIER = com.Ibm.CarDemo;
				PRODUCT_NAME = "$(TARGET_NAME)";
				SWIFT_VERSION = 5.0;
				TARGETED_DEVICE_FAMILY = "1,2";
			};
			name = Debug;
		};
		A07F9FF02892F23F000C3100 /* Release */ = {
			isa = XCBuildConfiguration;
			baseConfigurationReference = A53E4681A30A6B04B8C05166 /* Pods-CarDemo.release.xcconfig */;
			buildSettings = {
				ASSETCATALOG_COMPILER_APPICON_NAME = AppIcon;
				ASSETCATALOG_COMPILER_GLOBAL_ACCENT_COLOR_NAME = AccentColor;
				CODE_SIGN_STYLE = Automatic;
				INFOPLIST_FILE = CarDemo/Info.plist;
				LD_RUNPATH_SEARCH_PATHS = (
					"$(inherited)",
					"@executable_path/Frameworks",
				);
				PRODUCT_BUNDLE_IDENTIFIER = com.Ibm.CarDemo;
				PRODUCT_NAME = "$(TARGET_NAME)";
				SWIFT_VERSION = 5.0;
				TARGETED_DEVICE_FAMILY = "1,2";
			};
			name = Release;
		};
		A07F9FF22892F23F000C3100 /* Debug */ = {
			isa = XCBuildConfiguration;
			baseConfigurationReference = 2E12AA3CAE37568BCF284D34 /* Pods-CarDemoTests.debug.xcconfig */;
			buildSettings = {
				ALWAYS_EMBED_SWIFT_STANDARD_LIBRARIES = YES;
				BUNDLE_LOADER = "$(TEST_HOST)";
				CODE_SIGN_STYLE = Automatic;
				INFOPLIST_FILE = CarDemoTests/Info.plist;
				IPHONEOS_DEPLOYMENT_TARGET = 14.5;
				LD_RUNPATH_SEARCH_PATHS = (
					"$(inherited)",
					"@executable_path/Frameworks",
					"@loader_path/Frameworks",
				);
				PRODUCT_BUNDLE_IDENTIFIER = com.Ibm.CarDemoTests;
				PRODUCT_NAME = "$(TARGET_NAME)";
				SWIFT_VERSION = 5.0;
				TARGETED_DEVICE_FAMILY = "1,2";
				TEST_HOST = "$(BUILT_PRODUCTS_DIR)/CarDemo.app/CarDemo";
			};
			name = Debug;
		};
		A07F9FF32892F23F000C3100 /* Release */ = {
			isa = XCBuildConfiguration;
			baseConfigurationReference = 2078700AEB00F02457F6DC29 /* Pods-CarDemoTests.release.xcconfig */;
			buildSettings = {
				ALWAYS_EMBED_SWIFT_STANDARD_LIBRARIES = YES;
				BUNDLE_LOADER = "$(TEST_HOST)";
				CODE_SIGN_STYLE = Automatic;
				INFOPLIST_FILE = CarDemoTests/Info.plist;
				IPHONEOS_DEPLOYMENT_TARGET = 14.5;
				LD_RUNPATH_SEARCH_PATHS = (
					"$(inherited)",
					"@executable_path/Frameworks",
					"@loader_path/Frameworks",
				);
				PRODUCT_BUNDLE_IDENTIFIER = com.Ibm.CarDemoTests;
				PRODUCT_NAME = "$(TARGET_NAME)";
				SWIFT_VERSION = 5.0;
				TARGETED_DEVICE_FAMILY = "1,2";
				TEST_HOST = "$(BUILT_PRODUCTS_DIR)/CarDemo.app/CarDemo";
			};
			name = Release;
		};
		A07F9FF52892F23F000C3100 /* Debug */ = {
			isa = XCBuildConfiguration;
			baseConfigurationReference = E49E79B22A82D21A23B3203E /* Pods-CarDemo-CarDemoUITests.debug.xcconfig */;
			buildSettings = {
				ALWAYS_EMBED_SWIFT_STANDARD_LIBRARIES = YES;
				CODE_SIGN_STYLE = Automatic;
				INFOPLIST_FILE = CarDemoUITests/Info.plist;
				LD_RUNPATH_SEARCH_PATHS = (
					"$(inherited)",
					"@executable_path/Frameworks",
					"@loader_path/Frameworks",
				);
				PRODUCT_BUNDLE_IDENTIFIER = com.Ibm.CarDemoUITests;
				PRODUCT_NAME = "$(TARGET_NAME)";
				SWIFT_VERSION = 5.0;
				TARGETED_DEVICE_FAMILY = "1,2";
				TEST_TARGET_NAME = CarDemo;
			};
			name = Debug;
		};
		A07F9FF62892F23F000C3100 /* Release */ = {
			isa = XCBuildConfiguration;
			baseConfigurationReference = 0042C38A8A37E6909B96E047 /* Pods-CarDemo-CarDemoUITests.release.xcconfig */;
			buildSettings = {
				ALWAYS_EMBED_SWIFT_STANDARD_LIBRARIES = YES;
				CODE_SIGN_STYLE = Automatic;
				INFOPLIST_FILE = CarDemoUITests/Info.plist;
				LD_RUNPATH_SEARCH_PATHS = (
					"$(inherited)",
					"@executable_path/Frameworks",
					"@loader_path/Frameworks",
				);
				PRODUCT_BUNDLE_IDENTIFIER = com.Ibm.CarDemoUITests;
				PRODUCT_NAME = "$(TARGET_NAME)";
				SWIFT_VERSION = 5.0;
				TARGETED_DEVICE_FAMILY = "1,2";
				TEST_TARGET_NAME = CarDemo;
			};
			name = Release;
		};
/* End XCBuildConfiguration section */

/* Begin XCConfigurationList section */
		A07F9FBF2892F23E000C3100 /* Build configuration list for PBXProject "CarDemo" */ = {
			isa = XCConfigurationList;
			buildConfigurations = (
				A07F9FEC2892F23F000C3100 /* Debug */,
				A07F9FED2892F23F000C3100 /* Release */,
			);
			defaultConfigurationIsVisible = 0;
			defaultConfigurationName = Release;
		};
		A07F9FEE2892F23F000C3100 /* Build configuration list for PBXNativeTarget "CarDemo" */ = {
			isa = XCConfigurationList;
			buildConfigurations = (
				A07F9FEF2892F23F000C3100 /* Debug */,
				A07F9FF02892F23F000C3100 /* Release */,
			);
			defaultConfigurationIsVisible = 0;
			defaultConfigurationName = Release;
		};
		A07F9FF12892F23F000C3100 /* Build configuration list for PBXNativeTarget "CarDemoTests" */ = {
			isa = XCConfigurationList;
			buildConfigurations = (
				A07F9FF22892F23F000C3100 /* Debug */,
				A07F9FF32892F23F000C3100 /* Release */,
			);
			defaultConfigurationIsVisible = 0;
			defaultConfigurationName = Release;
		};
		A07F9FF42892F23F000C3100 /* Build configuration list for PBXNativeTarget "CarDemoUITests" */ = {
			isa = XCConfigurationList;
			buildConfigurations = (
				A07F9FF52892F23F000C3100 /* Debug */,
				A07F9FF62892F23F000C3100 /* Release */,
			);
			defaultConfigurationIsVisible = 0;
			defaultConfigurationName = Release;
		};
/* End XCConfigurationList section */
	};
	rootObject = A07F9FBC2892F23E000C3100 /* Project object */;
}
